
Microsoft Visual Studio Solution File, Format Version 12.00
# Visual Studio 15
VisualStudioVersion = 15.0.28307.705
MinimumVisualStudioVersion = 10.0.40219.1
Project("{FAE04EC0-301F-11D3-BF4B-00C04F79EFBC}") = "WebApiTasks", "WebApiTasks\WebApiTasks.csproj", "{7A839E18-C255-4979-AC12-FBF4065C869E}"
EndProject
Global
	GlobalSection(SolutionConfigurationPlatforms) = preSolution
		Debug|Any CPU = Debug|Any CPU
		Release|Any CPU = Release|Any CPU
	EndGlobalSection
	GlobalSection(ProjectConfigurationPlatforms) = postSolution
		{7A839E18-C255-4979-AC12-FBF4065C869E}.Debug|Any CPU.ActiveCfg = Debug|Any CPU
		{7A839E18-C255-4979-AC12-FBF4065C869E}.Debug|Any CPU.Build.0 = Debug|Any CPU
		{7A839E18-C255-4979-AC12-FBF4065C869E}.Release|Any CPU.ActiveCfg = Release|Any CPU
		{7A839E18-C255-4979-AC12-FBF4065C869E}.Release|Any CPU.Build.0 = Release|Any CPU
	EndGlobalSection
	GlobalSection(SolutionProperties) = preSolution
		HideSolutionNode = FALSE
	EndGlobalSection
	GlobalSection(ExtensibilityGlobals) = postSolution
		SolutionGuid = {98C24E87-147C-4C06-8194-989835E89C33}
	EndGlobalSection
EndGlobal
